
Microsoft Visual Studio Solution File, Format Version 12.00
# Visual Studio Version 17
Project("{8BC9CEB8-8B4A-11D0-8D11-00A0C91BC942}") = "ALL_BUILD", "ALL_BUILD.vcxproj", "{EA171D03-46C3-3DC4-80B0-3202323409B5}"
	ProjectSection(ProjectDependencies) = postProject
		{BA7D8247-088C-3E99-A562-8715D1C4CD71} = {BA7D8247-088C-3E99-A562-8715D1C4CD71}
		{F4F569A3-A390-387B-A60A-93E0CE3B108D} = {F4F569A3-A390-387B-A60A-93E0CE3B108D}
	EndProjectSection
EndProject
Project("{8BC9CEB8-8B4A-11D0-8D11-00A0C91BC942}") = "RadioChat", "RadioChat.vcxproj", "{BA7D8247-088C-3E99-A562-8715D1C4CD71}"
	ProjectSection(ProjectDependencies) = postProject
		{F4F569A3-A390-387B-A60A-93E0CE3B108D} = {F4F569A3-A390-387B-A60A-93E0CE3B108D}
	EndProjectSection
EndProject
Project("{8BC9CEB8-8B4A-11D0-8D11-00A0C91BC942}") = "ZERO_CHECK", "ZERO_CHECK.vcxproj", "{F4F569A3-A390-387B-A60A-93E0CE3B108D}"
	ProjectSection(ProjectDependencies) = postProject
	EndProjectSection
EndProject
Global
	GlobalSection(SolutionConfigurationPlatforms) = preSolution
		Debug|x64 = Debug|x64
		Release|x64 = Release|x64
		MinSizeRel|x64 = MinSizeRel|x64
		RelWithDebInfo|x64 = RelWithDebInfo|x64
	EndGlobalSection
	GlobalSection(ProjectConfigurationPlatforms) = postSolution
		{EA171D03-46C3-3DC4-80B0-3202323409B5}.Debug|x64.ActiveCfg = Debug|x64
		{EA171D03-46C3-3DC4-80B0-3202323409B5}.Release|x64.ActiveCfg = Release|x64
		{EA171D03-46C3-3DC4-80B0-3202323409B5}.MinSizeRel|x64.ActiveCfg = MinSizeRel|x64
		{EA171D03-46C3-3DC4-80B0-3202323409B5}.RelWithDebInfo|x64.ActiveCfg = RelWithDebInfo|x64
		{BA7D8247-088C-3E99-A562-8715D1C4CD71}.Debug|x64.ActiveCfg = Debug|x64
		{BA7D8247-088C-3E99-A562-8715D1C4CD71}.Debug|x64.Build.0 = Debug|x64
		{BA7D8247-088C-3E99-A562-8715D1C4CD71}.Release|x64.ActiveCfg = Release|x64
		{BA7D8247-088C-3E99-A562-8715D1C4CD71}.Release|x64.Build.0 = Release|x64
		{BA7D8247-088C-3E99-A562-8715D1C4CD71}.MinSizeRel|x64.ActiveCfg = MinSizeRel|x64
		{BA7D8247-088C-3E99-A562-8715D1C4CD71}.MinSizeRel|x64.Build.0 = MinSizeRel|x64
		{BA7D8247-088C-3E99-A562-8715D1C4CD71}.RelWithDebInfo|x64.ActiveCfg = RelWithDebInfo|x64
		{BA7D8247-088C-3E99-A562-8715D1C4CD71}.RelWithDebInfo|x64.Build.0 = RelWithDebInfo|x64
		{F4F569A3-A390-387B-A60A-93E0CE3B108D}.Debug|x64.ActiveCfg = Debug|x64
		{F4F569A3-A390-387B-A60A-93E0CE3B108D}.Debug|x64.Build.0 = Debug|x64
		{F4F569A3-A390-387B-A60A-93E0CE3B108D}.Release|x64.ActiveCfg = Release|x64
		{F4F569A3-A390-387B-A60A-93E0CE3B108D}.Release|x64.Build.0 = Release|x64
		{F4F569A3-A390-387B-A60A-93E0CE3B108D}.MinSizeRel|x64.ActiveCfg = MinSizeRel|x64
		{F4F569A3-A390-387B-A60A-93E0CE3B108D}.MinSizeRel|x64.Build.0 = MinSizeRel|x64
		{F4F569A3-A390-387B-A60A-93E0CE3B108D}.RelWithDebInfo|x64.ActiveCfg = RelWithDebInfo|x64
		{F4F569A3-A390-387B-A60A-93E0CE3B108D}.RelWithDebInfo|x64.Build.0 = RelWithDebInfo|x64
	EndGlobalSection
	GlobalSection(ExtensibilityGlobals) = postSolution
		SolutionGuid = {2CD5B314-4007-362F-BC24-C4E110FBE998}
	EndGlobalSection
	GlobalSection(ExtensibilityAddIns) = postSolution
	EndGlobalSection
EndGlobal
